
Microsoft Visual Studio Solution File, Format Version 12.00
# Visual Studio Version 16
VisualStudioVersion = 16.0.29926.136
MinimumVisualStudioVersion = 10.0.40219.1
Project("{FAE04EC0-301F-11D3-BF4B-00C04F79EFBC}") = "Учет СИЗ", "Учет СИЗ\Учет СИЗ.csproj", "{432ECA32-180D-4E67-9072-E706928E17B2}"
EndProject
Global
	GlobalSection(SolutionConfigurationPlatforms) = preSolution
		Debug|Any CPU = Debug|Any CPU
		Release|Any CPU = Release|Any CPU
	EndGlobalSection
	GlobalSection(ProjectConfigurationPlatforms) = postSolution
		{432ECA32-180D-4E67-9072-E706928E17B2}.Debug|Any CPU.ActiveCfg = Debug|Any CPU
		{432ECA32-180D-4E67-9072-E706928E17B2}.Debug|Any CPU.Build.0 = Debug|Any CPU
		{432ECA32-180D-4E67-9072-E706928E17B2}.Release|Any CPU.ActiveCfg = Release|Any CPU
		{432ECA32-180D-4E67-9072-E706928E17B2}.Release|Any CPU.Build.0 = Release|Any CPU
	EndGlobalSection
	GlobalSection(SolutionProperties) = preSolution
		HideSolutionNode = FALSE
	EndGlobalSection
	GlobalSection(ExtensibilityGlobals) = postSolution
		SolutionGuid = {B466150C-1683-44B1-8C63-49E5F0BBC85E}
	EndGlobalSection
EndGlobal
